
Microsoft Visual Studio Solution File, Format Version 12.00
# Visual Studio Version 16
VisualStudioVersion = 16.0.31005.135
MinimumVisualStudioVersion = 10.0.40219.1
Project("{9A19103F-16F7-4668-BE54-9A1E7A4F7556}") = "SpeckNet", "SpeckNet\SpeckNet.csproj", "{D0DACFE0-B7A0-4EC9-A34E-BF122617AB47}"
EndProject
Project("{FAE04EC0-301F-11D3-BF4B-00C04F79EFBC}") = "SpeckUnitTests", "SpeckUnitTests\SpeckUnitTests.csproj", "{1D4065EC-90B9-40ED-80FA-0B631CFDC68C}"
EndProject
Global
	GlobalSection(SolutionConfigurationPlatforms) = preSolution
		Debug|Any CPU = Debug|Any CPU
		Release|Any CPU = Release|Any CPU
	EndGlobalSection
	GlobalSection(ProjectConfigurationPlatforms) = postSolution
		{D0DACFE0-B7A0-4EC9-A34E-BF122617AB47}.Debug|Any CPU.ActiveCfg = Debug|Any CPU
		{D0DACFE0-B7A0-4EC9-A34E-BF122617AB47}.Debug|Any CPU.Build.0 = Debug|Any CPU
		{D0DACFE0-B7A0-4EC9-A34E-BF122617AB47}.Release|Any CPU.ActiveCfg = Release|Any CPU
		{D0DACFE0-B7A0-4EC9-A34E-BF122617AB47}.Release|Any CPU.Build.0 = Release|Any CPU
		{1D4065EC-90B9-40ED-80FA-0B631CFDC68C}.Debug|Any CPU.ActiveCfg = Debug|Any CPU
		{1D4065EC-90B9-40ED-80FA-0B631CFDC68C}.Debug|Any CPU.Build.0 = Debug|Any CPU
		{1D4065EC-90B9-40ED-80FA-0B631CFDC68C}.Release|Any CPU.ActiveCfg = Release|Any CPU
		{1D4065EC-90B9-40ED-80FA-0B631CFDC68C}.Release|Any CPU.Build.0 = Release|Any CPU
	EndGlobalSection
	GlobalSection(SolutionProperties) = preSolution
		HideSolutionNode = FALSE
	EndGlobalSection
	GlobalSection(ExtensibilityGlobals) = postSolution
		SolutionGuid = {2A67DC2C-7F1C-43D4-B85D-B7152AE24CC4}
	EndGlobalSection
EndGlobal
